
Microsoft Visual Studio Solution File, Format Version 12.00
# Visual Studio Version 17
VisualStudioVersion = 17.6.33829.357
MinimumVisualStudioVersion = 10.0.40219.1
Project("{8BC9CEB8-8B4A-11D0-8D11-00A0C91BC942}") = "Module1", "Module1.vcxproj", "{99AFBAD2-3684-4427-AEDD-6379ED1EDD26}"
EndProject
Global
	GlobalSection(SolutionConfigurationPlatforms) = preSolution
		Debug|x64 = Debug|x64
		Debug|x86 = Debug|x86
		Release|x64 = Release|x64
		Release|x86 = Release|x86
	EndGlobalSection
	GlobalSection(ProjectConfigurationPlatforms) = postSolution
		{99AFBAD2-3684-4427-AEDD-6379ED1EDD26}.Debug|x64.ActiveCfg = Debug|x64
		{99AFBAD2-3684-4427-AEDD-6379ED1EDD26}.Debug|x64.Build.0 = Debug|x64
		{99AFBAD2-3684-4427-AEDD-6379ED1EDD26}.Debug|x86.ActiveCfg = Debug|Win32
		{99AFBAD2-3684-4427-AEDD-6379ED1EDD26}.Debug|x86.Build.0 = Debug|Win32
		{99AFBAD2-3684-4427-AEDD-6379ED1EDD26}.Release|x64.ActiveCfg = Release|x64
		{99AFBAD2-3684-4427-AEDD-6379ED1EDD26}.Release|x64.Build.0 = Release|x64
		{99AFBAD2-3684-4427-AEDD-6379ED1EDD26}.Release|x86.ActiveCfg = Release|Win32
		{99AFBAD2-3684-4427-AEDD-6379ED1EDD26}.Release|x86.Build.0 = Release|Win32
	EndGlobalSection
	GlobalSection(SolutionProperties) = preSolution
		HideSolutionNode = FALSE
	EndGlobalSection
	GlobalSection(ExtensibilityGlobals) = postSolution
		SolutionGuid = {1A5D3B20-47CD-47DF-9A00-CC2A32EEF82D}
	EndGlobalSection
EndGlobal
